{
  "name": "azure-pdftools",
  "version": "0.0.1",
  "lockfileVersion": 1,
  "requires": true,
  "dependencies": {
    "should": {
      "version": "3.3.1",
      "resolved": "https://registry.npmjs.org/should/-/should-3.3.1.tgz",
      "integrity": "sha1-KMk6UiugARRq+WB48KiL9aySlSI=",
      "dev": true
    }
  }
}
